// !$*UTF8*$!
{
	archiveVersion = 1;
	classes = {
	};
	objectVersion = 56;
	objects = {

/* Begin PBXBuildFile section */
		37580CAE2976814F0072173C /* GlobalConstant.swift in Sources */ = {isa = PBXBuildFile; fileRef = 37580CAD2976814F0072173C /* GlobalConstant.swift */; };
		37580CAF2976814F0072173C /* GlobalConstant.swift in Sources */ = {isa = PBXBuildFile; fileRef = 37580CAD2976814F0072173C /* GlobalConstant.swift */; };
		375FB27C2962BB0C009F10AC /* TinyCalenderApp.swift in Sources */ = {isa = PBXBuildFile; fileRef = 375FB27B2962BB0C009F10AC /* TinyCalenderApp.swift */; };
		375FB27E2962BB0C009F10AC /* ContentView.swift in Sources */ = {isa = PBXBuildFile; fileRef = 375FB27D2962BB0C009F10AC /* ContentView.swift */; };
		375FB2802962BB0F009F10AC /* Assets.xcassets in Resources */ = {isa = PBXBuildFile; fileRef = 375FB27F2962BB0F009F10AC /* Assets.xcassets */; };
		375FB2832962BB0F009F10AC /* Preview Assets.xcassets in Resources */ = {isa = PBXBuildFile; fileRef = 375FB2822962BB0F009F10AC /* Preview Assets.xcassets */; };
		375FB28B29630349009F10AC /* DateExtension.swift in Sources */ = {isa = PBXBuildFile; fileRef = 375FB28A29630349009F10AC /* DateExtension.swift */; };
		375FB28E296303DC009F10AC /* DateTimeClasses.swift in Sources */ = {isa = PBXBuildFile; fileRef = 375FB28D296303DC009F10AC /* DateTimeClasses.swift */; };
		3769DCA42967EEBB006143F2 /* XelaButton.swift in Sources */ = {isa = PBXBuildFile; fileRef = 3769DCA32967EEBA006143F2 /* XelaButton.swift */; };
		3769DCA82967EF3C006143F2 /* XelaButtonState.swift in Sources */ = {isa = PBXBuildFile; fileRef = 3769DCA52967EF3C006143F2 /* XelaButtonState.swift */; };
		3769DCA92967EF3C006143F2 /* XelaButtonSize.swift in Sources */ = {isa = PBXBuildFile; fileRef = 3769DCA62967EF3C006143F2 /* XelaButtonSize.swift */; };
		3769DCAA2967EF3C006143F2 /* XelaButtonType.swift in Sources */ = {isa = PBXBuildFile; fileRef = 3769DCA72967EF3C006143F2 /* XelaButtonType.swift */; };
		3769DCAC2967EFCE006143F2 /* Colors-Constants.swift in Sources */ = {isa = PBXBuildFile; fileRef = 3769DCAB2967EFCE006143F2 /* Colors-Constants.swift */; };
		37BC1438296BDF23009997F6 /* Notification.swift in Sources */ = {isa = PBXBuildFile; fileRef = 37BC1437296BDF23009997F6 /* Notification.swift */; };
		37BC1443296C00E9009997F6 /* ApphabetixApp.swift in Sources */ = {isa = PBXBuildFile; fileRef = 37BC1442296C00E9009997F6 /* ApphabetixApp.swift */; };
		37BC1445296C00E9009997F6 /* ContentView.swift in Sources */ = {isa = PBXBuildFile; fileRef = 37BC1444296C00E9009997F6 /* ContentView.swift */; };
		37BC144A296C00EC009997F6 /* Preview Assets.xcassets in Resources */ = {isa = PBXBuildFile; fileRef = 37BC1449296C00EC009997F6 /* Preview Assets.xcassets */; };
		37BC144E296C014B009997F6 /* DateTimeClasses.swift in Sources */ = {isa = PBXBuildFile; fileRef = 375FB28D296303DC009F10AC /* DateTimeClasses.swift */; };
		37BC144F296C015E009997F6 /* Assets.xcassets in Resources */ = {isa = PBXBuildFile; fileRef = 375FB27F2962BB0F009F10AC /* Assets.xcassets */; };
		37BC1450296C0198009997F6 /* DateExtension.swift in Sources */ = {isa = PBXBuildFile; fileRef = 375FB28A29630349009F10AC /* DateExtension.swift */; };
		37D30784296E81FE006C9C07 /* letterPickerView.swift in Sources */ = {isa = PBXBuildFile; fileRef = 37D30783296E81FE006C9C07 /* letterPickerView.swift */; };
		37D848422966BE71000D692C /* TextExtensions.swift in Sources */ = {isa = PBXBuildFile; fileRef = 37D848412966BE71000D692C /* TextExtensions.swift */; };
		37D848482966BEF4000D692C /* XelaWeekdayHeader.swift in Sources */ = {isa = PBXBuildFile; fileRef = 37D848432966BEF2000D692C /* XelaWeekdayHeader.swift */; };
		37D848492966BEF4000D692C /* XelaDate.swift in Sources */ = {isa = PBXBuildFile; fileRef = 37D848442966BEF3000D692C /* XelaDate.swift */; };
		37D8484A2966BEF4000D692C /* XelaDatePickerCell.swift in Sources */ = {isa = PBXBuildFile; fileRef = 37D848452966BEF3000D692C /* XelaDatePickerCell.swift */; };
		37D8484B2966BEF4000D692C /* XelaDatePicker.swift in Sources */ = {isa = PBXBuildFile; fileRef = 37D848462966BEF3000D692C /* XelaDatePicker.swift */; };
		37D8484C2966BEF4000D692C /* XelaMonth.swift in Sources */ = {isa = PBXBuildFile; fileRef = 37D848472966BEF4000D692C /* XelaMonth.swift */; };
		37D8484F2966C150000D692C /* XelaColor.swift in Sources */ = {isa = PBXBuildFile; fileRef = 37D8484E2966C14F000D692C /* XelaColor.swift */; };
		37D848512966C213000D692C /* XelaDivider.swift in Sources */ = {isa = PBXBuildFile; fileRef = 37D848502966C213000D692C /* XelaDivider.swift */; };
		37D848542966C28A000D692C /* ColorExtensions.swift in Sources */ = {isa = PBXBuildFile; fileRef = 37D848532966C28A000D692C /* ColorExtensions.swift */; };
		37D848562966C2D5000D692C /* XelaColorSettings.swift in Sources */ = {isa = PBXBuildFile; fileRef = 37D848552966C2D5000D692C /* XelaColorSettings.swift */; };
		37D848582966C325000D692C /* XelaDateManager.swift in Sources */ = {isa = PBXBuildFile; fileRef = 37D848572966C325000D692C /* XelaDateManager.swift */; };
		37D8485A2966D313000D692C /* XelaColorModel.swift in Sources */ = {isa = PBXBuildFile; fileRef = 37D848592966D313000D692C /* XelaColorModel.swift */; };
		37D8485E2966D3E7000D692C /* XelaDividerStyle.swift in Sources */ = {isa = PBXBuildFile; fileRef = 37D8485C2966D3E7000D692C /* XelaDividerStyle.swift */; };
		37D8485F2966D3E7000D692C /* XelaDividerOrientation.swift in Sources */ = {isa = PBXBuildFile; fileRef = 37D8485D2966D3E7000D692C /* XelaDividerOrientation.swift */; };
/* End PBXBuildFile section */

/* Begin PBXFileReference section */
		37580CAD2976814F0072173C /* GlobalConstant.swift */ = {isa = PBXFileReference; lastKnownFileType = sourcecode.swift; path = GlobalConstant.swift; sourceTree = "<group>"; };
		375FB2782962BB0C009F10AC /* TinyCalender.app */ = {isa = PBXFileReference; explicitFileType = wrapper.application; includeInIndex = 0; path = TinyCalender.app; sourceTree = BUILT_PRODUCTS_DIR; };
		375FB27B2962BB0C009F10AC /* TinyCalenderApp.swift */ = {isa = PBXFileReference; lastKnownFileType = sourcecode.swift; path = TinyCalenderApp.swift; sourceTree = "<group>"; };
		375FB27D2962BB0C009F10AC /* ContentView.swift */ = {isa = PBXFileReference; lastKnownFileType = sourcecode.swift; path = ContentView.swift; sourceTree = "<group>"; };
		375FB27F2962BB0F009F10AC /* Assets.xcassets */ = {isa = PBXFileReference; lastKnownFileType = folder.assetcatalog; path = Assets.xcassets; sourceTree = "<group>"; };
		375FB2822962BB0F009F10AC /* Preview Assets.xcassets */ = {isa = PBXFileReference; lastKnownFileType = folder.assetcatalog; path = "Preview Assets.xcassets"; sourceTree = "<group>"; };
		375FB28A29630349009F10AC /* DateExtension.swift */ = {isa = PBXFileReference; lastKnownFileType = sourcecode.swift; path = DateExtension.swift; sourceTree = "<group>"; };
		375FB28D296303DC009F10AC /* DateTimeClasses.swift */ = {isa = PBXFileReference; lastKnownFileType = sourcecode.swift; path = DateTimeClasses.swift; sourceTree = "<group>"; };
		3769DCA32967EEBA006143F2 /* XelaButton.swift */ = {isa = PBXFileReference; fileEncoding = 4; lastKnownFileType = sourcecode.swift; path = XelaButton.swift; sourceTree = "<group>"; };
		3769DCA52967EF3C006143F2 /* XelaButtonState.swift */ = {isa = PBXFileReference; fileEncoding = 4; lastKnownFileType = sourcecode.swift; path = XelaButtonState.swift; sourceTree = "<group>"; };
		3769DCA62967EF3C006143F2 /* XelaButtonSize.swift */ = {isa = PBXFileReference; fileEncoding = 4; lastKnownFileType = sourcecode.swift; path = XelaButtonSize.swift; sourceTree = "<group>"; };
		3769DCA72967EF3C006143F2 /* XelaButtonType.swift */ = {isa = PBXFileReference; fileEncoding = 4; lastKnownFileType = sourcecode.swift; path = XelaButtonType.swift; sourceTree = "<group>"; };
		3769DCAB2967EFCE006143F2 /* Colors-Constants.swift */ = {isa = PBXFileReference; fileEncoding = 4; lastKnownFileType = sourcecode.swift; path = "Colors-Constants.swift"; sourceTree = "<group>"; };
		37BC1437296BDF23009997F6 /* Notification.swift */ = {isa = PBXFileReference; lastKnownFileType = sourcecode.swift; path = Notification.swift; sourceTree = "<group>"; };
		37BC1440296C00E9009997F6 /* Apphabetix Watch App.app */ = {isa = PBXFileReference; explicitFileType = wrapper.application; includeInIndex = 0; path = "Apphabetix Watch App.app"; sourceTree = BUILT_PRODUCTS_DIR; };
		37BC1442296C00E9009997F6 /* ApphabetixApp.swift */ = {isa = PBXFileReference; lastKnownFileType = sourcecode.swift; path = ApphabetixApp.swift; sourceTree = "<group>"; };
		37BC1444296C00E9009997F6 /* ContentView.swift */ = {isa = PBXFileReference; lastKnownFileType = sourcecode.swift; path = ContentView.swift; sourceTree = "<group>"; };
		37BC1449296C00EC009997F6 /* Preview Assets.xcassets */ = {isa = PBXFileReference; lastKnownFileType = folder.assetcatalog; path = "Preview Assets.xcassets"; sourceTree = "<group>"; };
		37D30783296E81FE006C9C07 /* letterPickerView.swift */ = {isa = PBXFileReference; lastKnownFileType = sourcecode.swift; path = letterPickerView.swift; sourceTree = "<group>"; };
		37D848412966BE71000D692C /* TextExtensions.swift */ = {isa = PBXFileReference; lastKnownFileType = sourcecode.swift; path = TextExtensions.swift; sourceTree = "<group>"; };
		37D848432966BEF2000D692C /* XelaWeekdayHeader.swift */ = {isa = PBXFileReference; fileEncoding = 4; lastKnownFileType = sourcecode.swift; path = XelaWeekdayHeader.swift; sourceTree = "<group>"; };
		37D848442966BEF3000D692C /* XelaDate.swift */ = {isa = PBXFileReference; fileEncoding = 4; lastKnownFileType = sourcecode.swift; path = XelaDate.swift; sourceTree = "<group>"; };
		37D848452966BEF3000D692C /* XelaDatePickerCell.swift */ = {isa = PBXFileReference; fileEncoding = 4; lastKnownFileType = sourcecode.swift; path = XelaDatePickerCell.swift; sourceTree = "<group>"; };
		37D848462966BEF3000D692C /* XelaDatePicker.swift */ = {isa = PBXFileReference; fileEncoding = 4; lastKnownFileType = sourcecode.swift; path = XelaDatePicker.swift; sourceTree = "<group>"; };
		37D848472966BEF4000D692C /* XelaMonth.swift */ = {isa = PBXFileReference; fileEncoding = 4; lastKnownFileType = sourcecode.swift; path = XelaMonth.swift; sourceTree = "<group>"; };
		37D8484E2966C14F000D692C /* XelaColor.swift */ = {isa = PBXFileReference; fileEncoding = 4; lastKnownFileType = sourcecode.swift; path = XelaColor.swift; sourceTree = "<group>"; };
		37D848502966C213000D692C /* XelaDivider.swift */ = {isa = PBXFileReference; fileEncoding = 4; lastKnownFileType = sourcecode.swift; path = XelaDivider.swift; sourceTree = "<group>"; };
		37D848532966C28A000D692C /* ColorExtensions.swift */ = {isa = PBXFileReference; fileEncoding = 4; lastKnownFileType = sourcecode.swift; path = ColorExtensions.swift; sourceTree = "<group>"; };
		37D848552966C2D5000D692C /* XelaColorSettings.swift */ = {isa = PBXFileReference; fileEncoding = 4; lastKnownFileType = sourcecode.swift; path = XelaColorSettings.swift; sourceTree = "<group>"; };
		37D848572966C325000D692C /* XelaDateManager.swift */ = {isa = PBXFileReference; fileEncoding = 4; lastKnownFileType = sourcecode.swift; path = XelaDateManager.swift; sourceTree = "<group>"; };
		37D848592966D313000D692C /* XelaColorModel.swift */ = {isa = PBXFileReference; fileEncoding = 4; lastKnownFileType = sourcecode.swift; path = XelaColorModel.swift; sourceTree = "<group>"; };
		37D8485C2966D3E7000D692C /* XelaDividerStyle.swift */ = {isa = PBXFileReference; fileEncoding = 4; lastKnownFileType = sourcecode.swift; path = XelaDividerStyle.swift; sourceTree = "<group>"; };
		37D8485D2966D3E7000D692C /* XelaDividerOrientation.swift */ = {isa = PBXFileReference; fileEncoding = 4; lastKnownFileType = sourcecode.swift; path = XelaDividerOrientation.swift; sourceTree = "<group>"; };
/* End PBXFileReference section */

/* Begin PBXFrameworksBuildPhase section */
		375FB2752962BB0C009F10AC /* Frameworks */ = {
			isa = PBXFrameworksBuildPhase;
			buildActionMask = 2147483647;
			files = (
			);
			runOnlyForDeploymentPostprocessing = 0;
		};
		37BC143D296C00E9009997F6 /* Frameworks */ = {
			isa = PBXFrameworksBuildPhase;
			buildActionMask = 2147483647;
			files = (
			);
			runOnlyForDeploymentPostprocessing = 0;
		};
/* End PBXFrameworksBuildPhase section */

/* Begin PBXGroup section */
		375FB26F2962BB0C009F10AC = {
			isa = PBXGroup;
			children = (
				375FB27A2962BB0C009F10AC /* TinyCalender */,
				37BC1441296C00E9009997F6 /* Apphabetix Watch App */,
				375FB2792962BB0C009F10AC /* Products */,
			);
			sourceTree = "<group>";
		};
		375FB2792962BB0C009F10AC /* Products */ = {
			isa = PBXGroup;
			children = (
				375FB2782962BB0C009F10AC /* TinyCalender.app */,
				37BC1440296C00E9009997F6 /* Apphabetix Watch App.app */,
			);
			name = Products;
			sourceTree = "<group>";
		};
		375FB27A2962BB0C009F10AC /* TinyCalender */ = {
			isa = PBXGroup;
			children = (
				3769DCA02967E7EF006143F2 /* Views */,
				37D8483F2966BE01000D692C /* XelaUIKit */,
				375FB28C296303BD009F10AC /* classes */,
				375FB28929630333009F10AC /* Extensions */,
				375FB27B2962BB0C009F10AC /* TinyCalenderApp.swift */,
				375FB27F2962BB0F009F10AC /* Assets.xcassets */,
				375FB2812962BB0F009F10AC /* Preview Content */,
			);
			path = TinyCalender;
			sourceTree = "<group>";
		};
		375FB2812962BB0F009F10AC /* Preview Content */ = {
			isa = PBXGroup;
			children = (
				375FB2822962BB0F009F10AC /* Preview Assets.xcassets */,
			);
			path = "Preview Content";
			sourceTree = "<group>";
		};
		375FB28929630333009F10AC /* Extensions */ = {
			isa = PBXGroup;
			children = (
				375FB28A29630349009F10AC /* DateExtension.swift */,
				37580CAD2976814F0072173C /* GlobalConstant.swift */,
			);
			path = Extensions;
			sourceTree = "<group>";
		};
		375FB28C296303BD009F10AC /* classes */ = {
			isa = PBXGroup;
			children = (
				375FB28D296303DC009F10AC /* DateTimeClasses.swift */,
				37BC1437296BDF23009997F6 /* Notification.swift */,
			);
			path = classes;
			sourceTree = "<group>";
		};
		3769DCA02967E7EF006143F2 /* Views */ = {
			isa = PBXGroup;
			children = (
				375FB27D2962BB0C009F10AC /* ContentView.swift */,
				37D30783296E81FE006C9C07 /* letterPickerView.swift */,
			);
			path = Views;
			sourceTree = "<group>";
		};
		37BC1441296C00E9009997F6 /* Apphabetix Watch App */ = {
			isa = PBXGroup;
			children = (
				37BC1442296C00E9009997F6 /* ApphabetixApp.swift */,
				37BC1444296C00E9009997F6 /* ContentView.swift */,
				37BC1448296C00EC009997F6 /* Preview Content */,
			);
			path = "Apphabetix Watch App";
			sourceTree = "<group>";
		};
		37BC1448296C00EC009997F6 /* Preview Content */ = {
			isa = PBXGroup;
			children = (
				37BC1449296C00EC009997F6 /* Preview Assets.xcassets */,
			);
			path = "Preview Content";
			sourceTree = "<group>";
		};
		37D8483F2966BE01000D692C /* XelaUIKit */ = {
			isa = PBXGroup;
			children = (
				3769DCA62967EF3C006143F2 /* XelaButtonSize.swift */,
				3769DCA52967EF3C006143F2 /* XelaButtonState.swift */,
				3769DCA72967EF3C006143F2 /* XelaButtonType.swift */,
				3769DCA32967EEBA006143F2 /* XelaButton.swift */,
				37D848572966C325000D692C /* XelaDateManager.swift */,
				37D848552966C2D5000D692C /* XelaColorSettings.swift */,
				37D848502966C213000D692C /* XelaDivider.swift */,
				37D8484E2966C14F000D692C /* XelaColor.swift */,
				37D8484D2966C11D000D692C /* Models */,
				37D848442966BEF3000D692C /* XelaDate.swift */,
				37D848462966BEF3000D692C /* XelaDatePicker.swift */,
				37D848452966BEF3000D692C /* XelaDatePickerCell.swift */,
				37D848472966BEF4000D692C /* XelaMonth.swift */,
				37D848432966BEF2000D692C /* XelaWeekdayHeader.swift */,
				37D848402966BE54000D692C /* Extensions */,
			);
			path = XelaUIKit;
			sourceTree = "<group>";
		};
		37D848402966BE54000D692C /* Extensions */ = {
			isa = PBXGroup;
			children = (
				37D848532966C28A000D692C /* ColorExtensions.swift */,
				37D848412966BE71000D692C /* TextExtensions.swift */,
			);
			path = Extensions;
			sourceTree = "<group>";
		};
		37D8484D2966C11D000D692C /* Models */ = {
			isa = PBXGroup;
			children = (
				3769DCAB2967EFCE006143F2 /* Colors-Constants.swift */,
				37D8485B2966D3CF000D692C /* Divider */,
				37D848592966D313000D692C /* XelaColorModel.swift */,
			);
			path = Models;
			sourceTree = "<group>";
		};
		37D8485B2966D3CF000D692C /* Divider */ = {
			isa = PBXGroup;
			children = (
				37D8485D2966D3E7000D692C /* XelaDividerOrientation.swift */,
				37D8485C2966D3E7000D692C /* XelaDividerStyle.swift */,
			);
			path = Divider;
			sourceTree = "<group>";
		};
/* End PBXGroup section */

/* Begin PBXNativeTarget section */
		375FB2772962BB0C009F10AC /* TinyCalender */ = {
			isa = PBXNativeTarget;
			buildConfigurationList = 375FB2862962BB0F009F10AC /* Build configuration list for PBXNativeTarget "TinyCalender" */;
			buildPhases = (
				375FB2742962BB0C009F10AC /* Sources */,
				375FB2752962BB0C009F10AC /* Frameworks */,
				375FB2762962BB0C009F10AC /* Resources */,
			);
			buildRules = (
			);
			dependencies = (
			);
			name = TinyCalender;
			productName = TinyCalender;
			productReference = 375FB2782962BB0C009F10AC /* TinyCalender.app */;
			productType = "com.apple.product-type.application";
		};
		37BC143F296C00E9009997F6 /* Apphabetix Watch App */ = {
			isa = PBXNativeTarget;
			buildConfigurationList = 37BC144D296C00EC009997F6 /* Build configuration list for PBXNativeTarget "Apphabetix Watch App" */;
			buildPhases = (
				37BC143C296C00E9009997F6 /* Sources */,
				37BC143D296C00E9009997F6 /* Frameworks */,
				37BC143E296C00E9009997F6 /* Resources */,
			);
			buildRules = (
			);
			dependencies = (
			);
			name = "Apphabetix Watch App";
			productName = "Apphabetix Watch App";
			productReference = 37BC1440296C00E9009997F6 /* Apphabetix Watch App.app */;
			productType = "com.apple.product-type.application";
		};
/* End PBXNativeTarget section */

/* Begin PBXProject section */
		375FB2702962BB0C009F10AC /* Project object */ = {
			isa = PBXProject;
			attributes = {
				BuildIndependentTargetsInParallel = 1;
				LastSwiftUpdateCheck = 1420;
				LastUpgradeCheck = 1420;
				ORGANIZATIONNAME = "Zero It Solutions";
				TargetAttributes = {
					375FB2772962BB0C009F10AC = {
						CreatedOnToolsVersion = 14.2;
					};
					37BC143F296C00E9009997F6 = {
						CreatedOnToolsVersion = 14.2;
					};
				};
			};
			buildConfigurationList = 375FB2732962BB0C009F10AC /* Build configuration list for PBXProject "TinyCalender" */;
			compatibilityVersion = "Xcode 14.0";
			developmentRegion = en;
			hasScannedForEncodings = 0;
			knownRegions = (
				en,
				Base,
			);
			mainGroup = 375FB26F2962BB0C009F10AC;
			productRefGroup = 375FB2792962BB0C009F10AC /* Products */;
			projectDirPath = "";
			projectRoot = "";
			targets = (
				375FB2772962BB0C009F10AC /* TinyCalender */,
				37BC143F296C00E9009997F6 /* Apphabetix Watch App */,
			);
		};
/* End PBXProject section */

/* Begin PBXResourcesBuildPhase section */
		375FB2762962BB0C009F10AC /* Resources */ = {
			isa = PBXResourcesBuildPhase;
			buildActionMask = 2147483647;
			files = (
				375FB2832962BB0F009F10AC /* Preview Assets.xcassets in Resources */,
				375FB2802962BB0F009F10AC /* Assets.xcassets in Resources */,
			);
			runOnlyForDeploymentPostprocessing = 0;
		};
		37BC143E296C00E9009997F6 /* Resources */ = {
			isa = PBXResourcesBuildPhase;
			buildActionMask = 2147483647;
			files = (
				37BC144A296C00EC009997F6 /* Preview Assets.xcassets in Resources */,
				37BC144F296C015E009997F6 /* Assets.xcassets in Resources */,
			);
			runOnlyForDeploymentPostprocessing = 0;
		};
/* End PBXResourcesBuildPhase section */

/* Begin PBXSourcesBuildPhase section */
		375FB2742962BB0C009F10AC /* Sources */ = {
			isa = PBXSourcesBuildPhase;
			buildActionMask = 2147483647;
			files = (
				37D848492966BEF4000D692C /* XelaDate.swift in Sources */,
				37D30784296E81FE006C9C07 /* letterPickerView.swift in Sources */,
				37D848582966C325000D692C /* XelaDateManager.swift in Sources */,
				37D848542966C28A000D692C /* ColorExtensions.swift in Sources */,
				37D8484A2966BEF4000D692C /* XelaDatePickerCell.swift in Sources */,
				375FB28E296303DC009F10AC /* DateTimeClasses.swift in Sources */,
				375FB27E2962BB0C009F10AC /* ContentView.swift in Sources */,
				375FB28B29630349009F10AC /* DateExtension.swift in Sources */,
				37D848512966C213000D692C /* XelaDivider.swift in Sources */,
				37D8485F2966D3E7000D692C /* XelaDividerOrientation.swift in Sources */,
				3769DCA92967EF3C006143F2 /* XelaButtonSize.swift in Sources */,
				375FB27C2962BB0C009F10AC /* TinyCalenderApp.swift in Sources */,
				37D8485A2966D313000D692C /* XelaColorModel.swift in Sources */,
				37D848562966C2D5000D692C /* XelaColorSettings.swift in Sources */,
				3769DCAA2967EF3C006143F2 /* XelaButtonType.swift in Sources */,
				37D8484C2966BEF4000D692C /* XelaMonth.swift in Sources */,
				37D848422966BE71000D692C /* TextExtensions.swift in Sources */,
				37580CAE2976814F0072173C /* GlobalConstant.swift in Sources */,
				37D8485E2966D3E7000D692C /* XelaDividerStyle.swift in Sources */,
				3769DCA82967EF3C006143F2 /* XelaButtonState.swift in Sources */,
				37D8484F2966C150000D692C /* XelaColor.swift in Sources */,
				3769DCA42967EEBB006143F2 /* XelaButton.swift in Sources */,
				37BC1438296BDF23009997F6 /* Notification.swift in Sources */,
				37D848482966BEF4000D692C /* XelaWeekdayHeader.swift in Sources */,
				3769DCAC2967EFCE006143F2 /* Colors-Constants.swift in Sources */,
				37D8484B2966BEF4000D692C /* XelaDatePicker.swift in Sources */,
			);
			runOnlyForDeploymentPostprocessing = 0;
		};
		37BC143C296C00E9009997F6 /* Sources */ = {
			isa = PBXSourcesBuildPhase;
			buildActionMask = 2147483647;
			files = (
				37BC144E296C014B009997F6 /* DateTimeClasses.swift in Sources */,
				37580CAF2976814F0072173C /* GlobalConstant.swift in Sources */,
				37BC1450296C0198009997F6 /* DateExtension.swift in Sources */,
				37BC1445296C00E9009997F6 /* ContentView.swift in Sources */,
				37BC1443296C00E9009997F6 /* ApphabetixApp.swift in Sources */,
			);
			runOnlyForDeploymentPostprocessing = 0;
		};
/* End PBXSourcesBuildPhase section */

/* Begin XCBuildConfiguration section */
		375FB2842962BB0F009F10AC /* Debug */ = {
			isa = XCBuildConfiguration;
			buildSettings = {
				ALWAYS_SEARCH_USER_PATHS = NO;
				CLANG_ANALYZER_NONNULL = YES;
				CLANG_ANALYZER_NUMBER_OBJECT_CONVERSION = YES_AGGRESSIVE;
				CLANG_CXX_LANGUAGE_STANDARD = "gnu++20";
				CLANG_ENABLE_MODULES = YES;
				CLANG_ENABLE_OBJC_ARC = YES;
				CLANG_ENABLE_OBJC_WEAK = YES;
				CLANG_WARN_BLOCK_CAPTURE_AUTORELEASING = YES;
				CLANG_WARN_BOOL_CONVERSION = YES;
				CLANG_WARN_COMMA = YES;
				CLANG_WARN_CONSTANT_CONVERSION = YES;
				CLANG_WARN_DEPRECATED_OBJC_IMPLEMENTATIONS = YES;
				CLANG_WARN_DIRECT_OBJC_ISA_USAGE = YES_ERROR;
				CLANG_WARN_DOCUMENTATION_COMMENTS = YES;
				CLANG_WARN_EMPTY_BODY = YES;
				CLANG_WARN_ENUM_CONVERSION = YES;
				CLANG_WARN_INFINITE_RECURSION = YES;
				CLANG_WARN_INT_CONVERSION = YES;
				CLANG_WARN_NON_LITERAL_NULL_CONVERSION = YES;
				CLANG_WARN_OBJC_IMPLICIT_RETAIN_SELF = YES;
				CLANG_WARN_OBJC_LITERAL_CONVERSION = YES;
				CLANG_WARN_OBJC_ROOT_CLASS = YES_ERROR;
				CLANG_WARN_QUOTED_INCLUDE_IN_FRAMEWORK_HEADER = YES;
				CLANG_WARN_RANGE_LOOP_ANALYSIS = YES;
				CLANG_WARN_STRICT_PROTOTYPES = YES;
				CLANG_WARN_SUSPICIOUS_MOVE = YES;
				CLANG_WARN_UNGUARDED_AVAILABILITY = YES_AGGRESSIVE;
				CLANG_WARN_UNREACHABLE_CODE = YES;
				CLANG_WARN__DUPLICATE_METHOD_MATCH = YES;
				COPY_PHASE_STRIP = NO;
				DEBUG_INFORMATION_FORMAT = dwarf;
				ENABLE_STRICT_OBJC_MSGSEND = YES;
				ENABLE_TESTABILITY = YES;
				GCC_C_LANGUAGE_STANDARD = gnu11;
				GCC_DYNAMIC_NO_PIC = NO;
				GCC_NO_COMMON_BLOCKS = YES;
				GCC_OPTIMIZATION_LEVEL = 0;
				GCC_PREPROCESSOR_DEFINITIONS = (
					"DEBUG=1",
					"$(inherited)",
				);
				GCC_WARN_64_TO_32_BIT_CONVERSION = YES;
				GCC_WARN_ABOUT_RETURN_TYPE = YES_ERROR;
				GCC_WARN_UNDECLARED_SELECTOR = YES;
				GCC_WARN_UNINITIALIZED_AUTOS = YES_AGGRESSIVE;
				GCC_WARN_UNUSED_FUNCTION = YES;
				GCC_WARN_UNUSED_VARIABLE = YES;
				IPHONEOS_DEPLOYMENT_TARGET = 16.2;
				MTL_ENABLE_DEBUG_INFO = INCLUDE_SOURCE;
				MTL_FAST_MATH = YES;
				ONLY_ACTIVE_ARCH = YES;
				SDKROOT = iphoneos;
				SWIFT_ACTIVE_COMPILATION_CONDITIONS = DEBUG;
				SWIFT_OPTIMIZATION_LEVEL = "-Onone";
			};
			name = Debug;
		};
		375FB2852962BB0F009F10AC /* Release */ = {
			isa = XCBuildConfiguration;
			buildSettings = {
				ALWAYS_SEARCH_USER_PATHS = NO;
				CLANG_ANALYZER_NONNULL = YES;
				CLANG_ANALYZER_NUMBER_OBJECT_CONVERSION = YES_AGGRESSIVE;
				CLANG_CXX_LANGUAGE_STANDARD = "gnu++20";
				CLANG_ENABLE_MODULES = YES;
				CLANG_ENABLE_OBJC_ARC = YES;
				CLANG_ENABLE_OBJC_WEAK = YES;
				CLANG_WARN_BLOCK_CAPTURE_AUTORELEASING = YES;
				CLANG_WARN_BOOL_CONVERSION = YES;
				CLANG_WARN_COMMA = YES;
				CLANG_WARN_CONSTANT_CONVERSION = YES;
				CLANG_WARN_DEPRECATED_OBJC_IMPLEMENTATIONS = YES;
				CLANG_WARN_DIRECT_OBJC_ISA_USAGE = YES_ERROR;
				CLANG_WARN_DOCUMENTATION_COMMENTS = YES;
				CLANG_WARN_EMPTY_BODY = YES;
				CLANG_WARN_ENUM_CONVERSION = YES;
				CLANG_WARN_INFINITE_RECURSION = YES;
				CLANG_WARN_INT_CONVERSION = YES;
				CLANG_WARN_NON_LITERAL_NULL_CONVERSION = YES;
				CLANG_WARN_OBJC_IMPLICIT_RETAIN_SELF = YES;
				CLANG_WARN_OBJC_LITERAL_CONVERSION = YES;
				CLANG_WARN_OBJC_ROOT_CLASS = YES_ERROR;
				CLANG_WARN_QUOTED_INCLUDE_IN_FRAMEWORK_HEADER = YES;
				CLANG_WARN_RANGE_LOOP_ANALYSIS = YES;
				CLANG_WARN_STRICT_PROTOTYPES = YES;
				CLANG_WARN_SUSPICIOUS_MOVE = YES;
				CLANG_WARN_UNGUARDED_AVAILABILITY = YES_AGGRESSIVE;
				CLANG_WARN_UNREACHABLE_CODE = YES;
				CLANG_WARN__DUPLICATE_METHOD_MATCH = YES;
				COPY_PHASE_STRIP = NO;
				DEBUG_INFORMATION_FORMAT = "dwarf-with-dsym";
				ENABLE_NS_ASSERTIONS = NO;
				ENABLE_STRICT_OBJC_MSGSEND = YES;
				GCC_C_LANGUAGE_STANDARD = gnu11;
				GCC_NO_COMMON_BLOCKS = YES;
				GCC_WARN_64_TO_32_BIT_CONVERSION = YES;
				GCC_WARN_ABOUT_RETURN_TYPE = YES_ERROR;
				GCC_WARN_UNDECLARED_SELECTOR = YES;
				GCC_WARN_UNINITIALIZED_AUTOS = YES_AGGRESSIVE;
				GCC_WARN_UNUSED_FUNCTION = YES;
				GCC_WARN_UNUSED_VARIABLE = YES;
				IPHONEOS_DEPLOYMENT_TARGET = 16.2;
				MTL_ENABLE_DEBUG_INFO = NO;
				MTL_FAST_MATH = YES;
				SDKROOT = iphoneos;
				SWIFT_COMPILATION_MODE = wholemodule;
				SWIFT_OPTIMIZATION_LEVEL = "-O";
				VALIDATE_PRODUCT = YES;
			};
			name = Release;
		};
		375FB2872962BB0F009F10AC /* Debug */ = {
			isa = XCBuildConfiguration;
			buildSettings = {
				ASSETCATALOG_COMPILER_APPICON_NAME = AppIcon;
				ASSETCATALOG_COMPILER_GLOBAL_ACCENT_COLOR_NAME = AccentColor;
				CODE_SIGN_STYLE = Automatic;
				CURRENT_PROJECT_VERSION = 1;
				DEVELOPMENT_ASSET_PATHS = "\"TinyCalender/Preview Content\"";
				DEVELOPMENT_TEAM = YFW8984WKD;
				ENABLE_PREVIEWS = YES;
				GENERATE_INFOPLIST_FILE = YES;
				INFOPLIST_KEY_CFBundleDisplayName = Apphabetix;
				INFOPLIST_KEY_UIApplicationSceneManifest_Generation = YES;
				INFOPLIST_KEY_UIApplicationSupportsIndirectInputEvents = YES;
				INFOPLIST_KEY_UILaunchScreen_Generation = YES;
				INFOPLIST_KEY_UISupportedInterfaceOrientations_iPad = "UIInterfaceOrientationPortrait UIInterfaceOrientationPortraitUpsideDown UIInterfaceOrientationLandscapeLeft UIInterfaceOrientationLandscapeRight";
				INFOPLIST_KEY_UISupportedInterfaceOrientations_iPhone = "UIInterfaceOrientationPortrait UIInterfaceOrientationLandscapeLeft UIInterfaceOrientationLandscapeRight";
				LD_RUNPATH_SEARCH_PATHS = (
					"$(inherited)",
					"@executable_path/Frameworks",
				);
				MARKETING_VERSION = 1.0;
				PRODUCT_BUNDLE_IDENTIFIER = com.Zeroit.TinyCalender;
				PRODUCT_NAME = "$(TARGET_NAME)";
				SUPPORTED_PLATFORMS = "iphoneos iphonesimulator";
				SUPPORTS_MACCATALYST = NO;
				SUPPORTS_MAC_DESIGNED_FOR_IPHONE_IPAD = YES;
				SWIFT_EMIT_LOC_STRINGS = YES;
				SWIFT_VERSION = 5.0;
				TARGETED_DEVICE_FAMILY = "1,2";
			};
			name = Debug;
		};
		375FB2882962BB0F009F10AC /* Release */ = {
			isa = XCBuildConfiguration;
			buildSettings = {
				ASSETCATALOG_COMPILER_APPICON_NAME = AppIcon;
				ASSETCATALOG_COMPILER_GLOBAL_ACCENT_COLOR_NAME = AccentColor;
				CODE_SIGN_STYLE = Automatic;
				CURRENT_PROJECT_VERSION = 1;
				DEVELOPMENT_ASSET_PATHS = "\"TinyCalender/Preview Content\"";
				DEVELOPMENT_TEAM = YFW8984WKD;
				ENABLE_PREVIEWS = YES;
				GENERATE_INFOPLIST_FILE = YES;
				INFOPLIST_KEY_CFBundleDisplayName = Apphabetix;
				INFOPLIST_KEY_UIApplicationSceneManifest_Generation = YES;
				INFOPLIST_KEY_UIApplicationSupportsIndirectInputEvents = YES;
				INFOPLIST_KEY_UILaunchScreen_Generation = YES;
				INFOPLIST_KEY_UISupportedInterfaceOrientations_iPad = "UIInterfaceOrientationPortrait UIInterfaceOrientationPortraitUpsideDown UIInterfaceOrientationLandscapeLeft UIInterfaceOrientationLandscapeRight";
				INFOPLIST_KEY_UISupportedInterfaceOrientations_iPhone = "UIInterfaceOrientationPortrait UIInterfaceOrientationLandscapeLeft UIInterfaceOrientationLandscapeRight";
				LD_RUNPATH_SEARCH_PATHS = (
					"$(inherited)",
					"@executable_path/Frameworks",
				);
				MARKETING_VERSION = 1.0;
				PRODUCT_BUNDLE_IDENTIFIER = com.Zeroit.TinyCalender;
				PRODUCT_NAME = "$(TARGET_NAME)";
				SUPPORTED_PLATFORMS = "iphoneos iphonesimulator";
				SUPPORTS_MACCATALYST = NO;
				SUPPORTS_MAC_DESIGNED_FOR_IPHONE_IPAD = YES;
				SWIFT_EMIT_LOC_STRINGS = YES;
				SWIFT_VERSION = 5.0;
				TARGETED_DEVICE_FAMILY = "1,2";
			};
			name = Release;
		};
		37BC144B296C00EC009997F6 /* Debug */ = {
			isa = XCBuildConfiguration;
			buildSettings = {
				ASSETCATALOG_COMPILER_APPICON_NAME = AppIcon;
				ASSETCATALOG_COMPILER_GLOBAL_ACCENT_COLOR_NAME = AccentColor;
				CODE_SIGN_STYLE = Automatic;
				CURRENT_PROJECT_VERSION = 1;
				DEVELOPMENT_ASSET_PATHS = "\"Apphabetix Watch App/Preview Content\"";
				DEVELOPMENT_TEAM = YFW8984WKD;
				ENABLE_PREVIEWS = YES;
				EXCLUDED_ARCHS = arm64;
				GENERATE_INFOPLIST_FILE = YES;
				INFOPLIST_KEY_CFBundleDisplayName = Apphabetix;
				INFOPLIST_KEY_UISupportedInterfaceOrientations = "UIInterfaceOrientationPortrait UIInterfaceOrientationPortraitUpsideDown";
				INFOPLIST_KEY_WKCompanionAppBundleIdentifier = "";
				LD_RUNPATH_SEARCH_PATHS = (
					"$(inherited)",
					"@executable_path/Frameworks",
				);
				MARKETING_VERSION = 1.0;
				PRODUCT_BUNDLE_IDENTIFIER = .watchkitapp;
				PRODUCT_NAME = "$(TARGET_NAME)";
				SDKROOT = watchos;
				SKIP_INSTALL = YES;
				SWIFT_EMIT_LOC_STRINGS = YES;
				SWIFT_VERSION = 5.0;
				TARGETED_DEVICE_FAMILY = 4;
				WATCHOS_DEPLOYMENT_TARGET = 9.1;
			};
			name = Debug;
		};
		37BC144C296C00EC009997F6 /* Release */ = {
			isa = XCBuildConfiguration;
			buildSettings = {
				ASSETCATALOG_COMPILER_APPICON_NAME = AppIcon;
				ASSETCATALOG_COMPILER_GLOBAL_ACCENT_COLOR_NAME = AccentColor;
				CODE_SIGN_STYLE = Automatic;
				CURRENT_PROJECT_VERSION = 1;
				DEVELOPMENT_ASSET_PATHS = "\"Apphabetix Watch App/Preview Content\"";
				DEVELOPMENT_TEAM = YFW8984WKD;
				ENABLE_PREVIEWS = YES;
				EXCLUDED_ARCHS = arm64;
				GENERATE_INFOPLIST_FILE = YES;
				INFOPLIST_KEY_CFBundleDisplayName = Apphabetix;
				INFOPLIST_KEY_UISupportedInterfaceOrientations = "UIInterfaceOrientationPortrait UIInterfaceOrientationPortraitUpsideDown";
				INFOPLIST_KEY_WKCompanionAppBundleIdentifier = "";
				LD_RUNPATH_SEARCH_PATHS = (
					"$(inherited)",
					"@executable_path/Frameworks",
				);
				MARKETING_VERSION = 1.0;
				PRODUCT_BUNDLE_IDENTIFIER = .watchkitapp;
				PRODUCT_NAME = "$(TARGET_NAME)";
				SDKROOT = watchos;
				SKIP_INSTALL = YES;
				SWIFT_EMIT_LOC_STRINGS = YES;
				SWIFT_VERSION = 5.0;
				TARGETED_DEVICE_FAMILY = 4;
				WATCHOS_DEPLOYMENT_TARGET = 9.1;
			};
			name = Release;
		};
/* End XCBuildConfiguration section */

/* Begin XCConfigurationList section */
		375FB2732962BB0C009F10AC /* Build configuration list for PBXProject "TinyCalender" */ = {
			isa = XCConfigurationList;
			buildConfigurations = (
				375FB2842962BB0F009F10AC /* Debug */,
				375FB2852962BB0F009F10AC /* Release */,
			);
			defaultConfigurationIsVisible = 0;
			defaultConfigurationName = Release;
		};
		375FB2862962BB0F009F10AC /* Build configuration list for PBXNativeTarget "TinyCalender" */ = {
			isa = XCConfigurationList;
			buildConfigurations = (
				375FB2872962BB0F009F10AC /* Debug */,
				375FB2882962BB0F009F10AC /* Release */,
			);
			defaultConfigurationIsVisible = 0;
			defaultConfigurationName = Release;
		};
		37BC144D296C00EC009997F6 /* Build configuration list for PBXNativeTarget "Apphabetix Watch App" */ = {
			isa = XCConfigurationList;
			buildConfigurations = (
				37BC144B296C00EC009997F6 /* Debug */,
				37BC144C296C00EC009997F6 /* Release */,
			);
			defaultConfigurationIsVisible = 0;
			defaultConfigurationName = Release;
		};
/* End XCConfigurationList section */
	};
	rootObject = 375FB2702962BB0C009F10AC /* Project object */;
}
